
Microsoft Visual Studio Solution File, Format Version 12.00
# Visual Studio Version 17
VisualStudioVersion = 17.0.31903.59
MinimumVisualStudioVersion = 10.0.40219.1
Project("{2150E333-8FDC-42A3-9474-1A3956D46DE8}") = "src", "src", "{827E0CD3-B72D-47B6-A68D-7590B98EB39B}"
EndProject
Project("{2150E333-8FDC-42A3-9474-1A3956D46DE8}") = "tests", "tests", "{B0A1C2D3-E4F5-6789-ABCD-EF0123456789}"
EndProject
Project("{FAE04EC0-301F-11D3-BF4B-00C04F79EFBC}") = "BatchParamUpdate.Domain", "src\BatchParamUpdate.Domain\BatchParamUpdate.Domain.csproj", "{3C1EF9D0-AD22-4F0F-9AD1-FAF02E4428BC}"
EndProject
Project("{FAE04EC0-301F-11D3-BF4B-00C04F79EFBC}") = "BatchParamUpdate.Core", "src\BatchParamUpdate.Core\BatchParamUpdate.Core.csproj", "{9136B855-AE02-49AE-98CD-F685F0F5A99A}"
EndProject
Project("{FAE04EC0-301F-11D3-BF4B-00C04F79EFBC}") = "BatchParamUpdate.Application", "src\BatchParamUpdate.Application\BatchParamUpdate.Application.csproj", "{E303B9D2-F000-4ED1-B3DB-75636E1A9C5E}"
EndProject
Project("{FAE04EC0-301F-11D3-BF4B-00C04F79EFBC}") = "BatchParamUpdate.Adapters.Persistence", "src\BatchParamUpdate.Adapters.Persistence\BatchParamUpdate.Adapters.Persistence.csproj", "{7972FEDB-F607-40BD-A7DA-33EC5EE55403}"
EndProject
Project("{FAE04EC0-301F-11D3-BF4B-00C04F79EFBC}") = "BatchParamUpdate.Adapters.Revit", "src\BatchParamUpdate.Adapters.Revit\BatchParamUpdate.Adapters.Revit.csproj", "{55A1E3D4-238E-4786-9B90-7FBDF83590D4}"
EndProject
Project("{FAE04EC0-301F-11D3-BF4B-00C04F79EFBC}") = "BatchParamUpdate.UI.Wpf", "src\BatchParamUpdate.UI.Wpf\BatchParamUpdate.UI.Wpf.csproj", "{30A78150-06C0-44C4-8A93-63CFF188C4E0}"
EndProject
Project("{FAE04EC0-301F-11D3-BF4B-00C04F79EFBC}") = "BatchParamUpdate.Installer", "src\BatchParamUpdate.Installer\BatchParamUpdate.Installer.csproj", "{79662DC3-5F2B-4A6A-8AB9-44EF1FDD7327}"
EndProject
Project("{FAE04EC0-301F-11D3-BF4B-00C04F79EFBC}") = "BatchParamUpdate.Tests.Unit", "tests\BatchParamUpdate.Tests.Unit\BatchParamUpdate.Tests.Unit.csproj", "{175904BE-3449-4CBA-BE1F-D76E46011B98}"
EndProject
Global
	GlobalSection(SolutionConfigurationPlatforms) = preSolution
		Debug|Any CPU = Debug|Any CPU
		Release|Any CPU = Release|Any CPU
		Debug2025|Any CPU = Debug2025|Any CPU
		Release2025|Any CPU = Release2025|Any CPU
		Debug2026|Any CPU = Debug2026|Any CPU
		Release2026|Any CPU = Release2026|Any CPU
		Debug2027|Any CPU = Debug2027|Any CPU
		Release2027|Any CPU = Release2027|Any CPU
	EndGlobalSection
	GlobalSection(ProjectConfigurationPlatforms) = postSolution
		{3C1EF9D0-AD22-4F0F-9AD1-FAF02E4428BC}.Debug|Any CPU.ActiveCfg = Debug|Any CPU
		{3C1EF9D0-AD22-4F0F-9AD1-FAF02E4428BC}.Debug|Any CPU.Build.0 = Debug|Any CPU
		{3C1EF9D0-AD22-4F0F-9AD1-FAF02E4428BC}.Release|Any CPU.ActiveCfg = Release|Any CPU
		{3C1EF9D0-AD22-4F0F-9AD1-FAF02E4428BC}.Release|Any CPU.Build.0 = Release|Any CPU
		{3C1EF9D0-AD22-4F0F-9AD1-FAF02E4428BC}.Debug2025|Any CPU.ActiveCfg = Debug2025|Any CPU
		{3C1EF9D0-AD22-4F0F-9AD1-FAF02E4428BC}.Debug2025|Any CPU.Build.0 = Debug2025|Any CPU
		{3C1EF9D0-AD22-4F0F-9AD1-FAF02E4428BC}.Release2025|Any CPU.ActiveCfg = Release2025|Any CPU
		{3C1EF9D0-AD22-4F0F-9AD1-FAF02E4428BC}.Release2025|Any CPU.Build.0 = Release2025|Any CPU
		{3C1EF9D0-AD22-4F0F-9AD1-FAF02E4428BC}.Debug2026|Any CPU.ActiveCfg = Debug2026|Any CPU
		{3C1EF9D0-AD22-4F0F-9AD1-FAF02E4428BC}.Debug2026|Any CPU.Build.0 = Debug2026|Any CPU
		{3C1EF9D0-AD22-4F0F-9AD1-FAF02E4428BC}.Release2026|Any CPU.ActiveCfg = Release2026|Any CPU
		{3C1EF9D0-AD22-4F0F-9AD1-FAF02E4428BC}.Release2026|Any CPU.Build.0 = Release2026|Any CPU
		{3C1EF9D0-AD22-4F0F-9AD1-FAF02E4428BC}.Debug2027|Any CPU.ActiveCfg = Debug2027|Any CPU
		{3C1EF9D0-AD22-4F0F-9AD1-FAF02E4428BC}.Debug2027|Any CPU.Build.0 = Debug2027|Any CPU
		{3C1EF9D0-AD22-4F0F-9AD1-FAF02E4428BC}.Release2027|Any CPU.ActiveCfg = Release2027|Any CPU
		{3C1EF9D0-AD22-4F0F-9AD1-FAF02E4428BC}.Release2027|Any CPU.Build.0 = Release2027|Any CPU
		{9136B855-AE02-49AE-98CD-F685F0F5A99A}.Debug|Any CPU.ActiveCfg = Debug|Any CPU
		{9136B855-AE02-49AE-98CD-F685F0F5A99A}.Debug|Any CPU.Build.0 = Debug|Any CPU
		{9136B855-AE02-49AE-98CD-F685F0F5A99A}.Release|Any CPU.ActiveCfg = Release|Any CPU
		{9136B855-AE02-49AE-98CD-F685F0F5A99A}.Release|Any CPU.Build.0 = Release|Any CPU
		{9136B855-AE02-49AE-98CD-F685F0F5A99A}.Debug2025|Any CPU.ActiveCfg = Debug2025|Any CPU
		{9136B855-AE02-49AE-98CD-F685F0F5A99A}.Debug2025|Any CPU.Build.0 = Debug2025|Any CPU
		{9136B855-AE02-49AE-98CD-F685F0F5A99A}.Release2025|Any CPU.ActiveCfg = Release2025|Any CPU
		{9136B855-AE02-49AE-98CD-F685F0F5A99A}.Release2025|Any CPU.Build.0 = Release2025|Any CPU
		{9136B855-AE02-49AE-98CD-F685F0F5A99A}.Debug2026|Any CPU.ActiveCfg = Debug2026|Any CPU
		{9136B855-AE02-49AE-98CD-F685F0F5A99A}.Debug2026|Any CPU.Build.0 = Debug2026|Any CPU
		{9136B855-AE02-49AE-98CD-F685F0F5A99A}.Release2026|Any CPU.ActiveCfg = Release2026|Any CPU
		{9136B855-AE02-49AE-98CD-F685F0F5A99A}.Release2026|Any CPU.Build.0 = Release2026|Any CPU
		{9136B855-AE02-49AE-98CD-F685F0F5A99A}.Debug2027|Any CPU.ActiveCfg = Debug2027|Any CPU
		{9136B855-AE02-49AE-98CD-F685F0F5A99A}.Debug2027|Any CPU.Build.0 = Debug2027|Any CPU
		{9136B855-AE02-49AE-98CD-F685F0F5A99A}.Release2027|Any CPU.ActiveCfg = Release2027|Any CPU
		{9136B855-AE02-49AE-98CD-F685F0F5A99A}.Release2027|Any CPU.Build.0 = Release2027|Any CPU
		{E303B9D2-F000-4ED1-B3DB-75636E1A9C5E}.Debug|Any CPU.ActiveCfg = Debug|Any CPU
		{E303B9D2-F000-4ED1-B3DB-75636E1A9C5E}.Debug|Any CPU.Build.0 = Debug|Any CPU
		{E303B9D2-F000-4ED1-B3DB-75636E1A9C5E}.Release|Any CPU.ActiveCfg = Release|Any CPU
		{E303B9D2-F000-4ED1-B3DB-75636E1A9C5E}.Release|Any CPU.Build.0 = Release|Any CPU
		{E303B9D2-F000-4ED1-B3DB-75636E1A9C5E}.Debug2025|Any CPU.ActiveCfg = Debug2025|Any CPU
		{E303B9D2-F000-4ED1-B3DB-75636E1A9C5E}.Debug2025|Any CPU.Build.0 = Debug2025|Any CPU
		{E303B9D2-F000-4ED1-B3DB-75636E1A9C5E}.Release2025|Any CPU.ActiveCfg = Release2025|Any CPU
		{E303B9D2-F000-4ED1-B3DB-75636E1A9C5E}.Release2025|Any CPU.Build.0 = Release2025|Any CPU
		{E303B9D2-F000-4ED1-B3DB-75636E1A9C5E}.Debug2026|Any CPU.ActiveCfg = Debug2026|Any CPU
		{E303B9D2-F000-4ED1-B3DB-75636E1A9C5E}.Debug2026|Any CPU.Build.0 = Debug2026|Any CPU
		{E303B9D2-F000-4ED1-B3DB-75636E1A9C5E}.Release2026|Any CPU.ActiveCfg = Release2026|Any CPU
		{E303B9D2-F000-4ED1-B3DB-75636E1A9C5E}.Release2026|Any CPU.Build.0 = Release2026|Any CPU
		{E303B9D2-F000-4ED1-B3DB-75636E1A9C5E}.Debug2027|Any CPU.ActiveCfg = Debug2027|Any CPU
		{E303B9D2-F000-4ED1-B3DB-75636E1A9C5E}.Debug2027|Any CPU.Build.0 = Debug2027|Any CPU
		{E303B9D2-F000-4ED1-B3DB-75636E1A9C5E}.Release2027|Any CPU.ActiveCfg = Release2027|Any CPU
		{E303B9D2-F000-4ED1-B3DB-75636E1A9C5E}.Release2027|Any CPU.Build.0 = Release2027|Any CPU
		{7972FEDB-F607-40BD-A7DA-33EC5EE55403}.Debug|Any CPU.ActiveCfg = Debug|Any CPU
		{7972FEDB-F607-40BD-A7DA-33EC5EE55403}.Debug|Any CPU.Build.0 = Debug|Any CPU
		{7972FEDB-F607-40BD-A7DA-33EC5EE55403}.Release|Any CPU.ActiveCfg = Release|Any CPU
		{7972FEDB-F607-40BD-A7DA-33EC5EE55403}.Release|Any CPU.Build.0 = Release|Any CPU
		{7972FEDB-F607-40BD-A7DA-33EC5EE55403}.Debug2025|Any CPU.ActiveCfg = Debug2025|Any CPU
		{7972FEDB-F607-40BD-A7DA-33EC5EE55403}.Debug2025|Any CPU.Build.0 = Debug2025|Any CPU
		{7972FEDB-F607-40BD-A7DA-33EC5EE55403}.Release2025|Any CPU.ActiveCfg = Release2025|Any CPU
		{7972FEDB-F607-40BD-A7DA-33EC5EE55403}.Release2025|Any CPU.Build.0 = Release2025|Any CPU
		{7972FEDB-F607-40BD-A7DA-33EC5EE55403}.Debug2026|Any CPU.ActiveCfg = Debug2026|Any CPU
		{7972FEDB-F607-40BD-A7DA-33EC5EE55403}.Debug2026|Any CPU.Build.0 = Debug2026|Any CPU
		{7972FEDB-F607-40BD-A7DA-33EC5EE55403}.Release2026|Any CPU.ActiveCfg = Release2026|Any CPU
		{7972FEDB-F607-40BD-A7DA-33EC5EE55403}.Release2026|Any CPU.Build.0 = Release2026|Any CPU
		{7972FEDB-F607-40BD-A7DA-33EC5EE55403}.Debug2027|Any CPU.ActiveCfg = Debug2027|Any CPU
		{7972FEDB-F607-40BD-A7DA-33EC5EE55403}.Debug2027|Any CPU.Build.0 = Debug2027|Any CPU
		{7972FEDB-F607-40BD-A7DA-33EC5EE55403}.Release2027|Any CPU.ActiveCfg = Release2027|Any CPU
		{7972FEDB-F607-40BD-A7DA-33EC5EE55403}.Release2027|Any CPU.Build.0 = Release2027|Any CPU
		{55A1E3D4-238E-4786-9B90-7FBDF83590D4}.Debug|Any CPU.ActiveCfg = Debug|Any CPU
		{55A1E3D4-238E-4786-9B90-7FBDF83590D4}.Debug|Any CPU.Build.0 = Debug|Any CPU
		{55A1E3D4-238E-4786-9B90-7FBDF83590D4}.Release|Any CPU.ActiveCfg = Release|Any CPU
		{55A1E3D4-238E-4786-9B90-7FBDF83590D4}.Release|Any CPU.Build.0 = Release|Any CPU
		{55A1E3D4-238E-4786-9B90-7FBDF83590D4}.Debug2025|Any CPU.ActiveCfg = Debug2025|Any CPU
		{55A1E3D4-238E-4786-9B90-7FBDF83590D4}.Debug2025|Any CPU.Build.0 = Debug2025|Any CPU
		{55A1E3D4-238E-4786-9B90-7FBDF83590D4}.Release2025|Any CPU.ActiveCfg = Release2025|Any CPU
		{55A1E3D4-238E-4786-9B90-7FBDF83590D4}.Release2025|Any CPU.Build.0 = Release2025|Any CPU
		{55A1E3D4-238E-4786-9B90-7FBDF83590D4}.Debug2026|Any CPU.ActiveCfg = Debug2026|Any CPU
		{55A1E3D4-238E-4786-9B90-7FBDF83590D4}.Debug2026|Any CPU.Build.0 = Debug2026|Any CPU
		{55A1E3D4-238E-4786-9B90-7FBDF83590D4}.Release2026|Any CPU.ActiveCfg = Release2026|Any CPU
		{55A1E3D4-238E-4786-9B90-7FBDF83590D4}.Release2026|Any CPU.Build.0 = Release2026|Any CPU
		{55A1E3D4-238E-4786-9B90-7FBDF83590D4}.Debug2027|Any CPU.ActiveCfg = Debug2027|Any CPU
		{55A1E3D4-238E-4786-9B90-7FBDF83590D4}.Debug2027|Any CPU.Build.0 = Debug2027|Any CPU
		{55A1E3D4-238E-4786-9B90-7FBDF83590D4}.Release2027|Any CPU.ActiveCfg = Release2027|Any CPU
		{55A1E3D4-238E-4786-9B90-7FBDF83590D4}.Release2027|Any CPU.Build.0 = Release2027|Any CPU
		{30A78150-06C0-44C4-8A93-63CFF188C4E0}.Debug|Any CPU.ActiveCfg = Debug|Any CPU
		{30A78150-06C0-44C4-8A93-63CFF188C4E0}.Debug|Any CPU.Build.0 = Debug|Any CPU
		{30A78150-06C0-44C4-8A93-63CFF188C4E0}.Release|Any CPU.ActiveCfg = Release|Any CPU
		{30A78150-06C0-44C4-8A93-63CFF188C4E0}.Release|Any CPU.Build.0 = Release|Any CPU
		{30A78150-06C0-44C4-8A93-63CFF188C4E0}.Debug2025|Any CPU.ActiveCfg = Debug2025|Any CPU
		{30A78150-06C0-44C4-8A93-63CFF188C4E0}.Debug2025|Any CPU.Build.0 = Debug2025|Any CPU
		{30A78150-06C0-44C4-8A93-63CFF188C4E0}.Release2025|Any CPU.ActiveCfg = Release2025|Any CPU
		{30A78150-06C0-44C4-8A93-63CFF188C4E0}.Release2025|Any CPU.Build.0 = Release2025|Any CPU
		{30A78150-06C0-44C4-8A93-63CFF188C4E0}.Debug2026|Any CPU.ActiveCfg = Debug2026|Any CPU
		{30A78150-06C0-44C4-8A93-63CFF188C4E0}.Debug2026|Any CPU.Build.0 = Debug2026|Any CPU
		{30A78150-06C0-44C4-8A93-63CFF188C4E0}.Release2026|Any CPU.ActiveCfg = Release2026|Any CPU
		{30A78150-06C0-44C4-8A93-63CFF188C4E0}.Release2026|Any CPU.Build.0 = Release2026|Any CPU
		{30A78150-06C0-44C4-8A93-63CFF188C4E0}.Debug2027|Any CPU.ActiveCfg = Debug2027|Any CPU
		{30A78150-06C0-44C4-8A93-63CFF188C4E0}.Debug2027|Any CPU.Build.0 = Debug2027|Any CPU
		{30A78150-06C0-44C4-8A93-63CFF188C4E0}.Release2027|Any CPU.ActiveCfg = Release2027|Any CPU
		{30A78150-06C0-44C4-8A93-63CFF188C4E0}.Release2027|Any CPU.Build.0 = Release2027|Any CPU
		{79662DC3-5F2B-4A6A-8AB9-44EF1FDD7327}.Debug|Any CPU.ActiveCfg = Debug|Any CPU
		{79662DC3-5F2B-4A6A-8AB9-44EF1FDD7327}.Debug|Any CPU.Build.0 = Debug|Any CPU
		{79662DC3-5F2B-4A6A-8AB9-44EF1FDD7327}.Release|Any CPU.ActiveCfg = Release|Any CPU
		{79662DC3-5F2B-4A6A-8AB9-44EF1FDD7327}.Release|Any CPU.Build.0 = Release|Any CPU
		{79662DC3-5F2B-4A6A-8AB9-44EF1FDD7327}.Debug2025|Any CPU.ActiveCfg = Debug2025|Any CPU
		{79662DC3-5F2B-4A6A-8AB9-44EF1FDD7327}.Debug2025|Any CPU.Build.0 = Debug2025|Any CPU
		{79662DC3-5F2B-4A6A-8AB9-44EF1FDD7327}.Release2025|Any CPU.ActiveCfg = Release2025|Any CPU
		{79662DC3-5F2B-4A6A-8AB9-44EF1FDD7327}.Release2025|Any CPU.Build.0 = Release2025|Any CPU
		{79662DC3-5F2B-4A6A-8AB9-44EF1FDD7327}.Debug2026|Any CPU.ActiveCfg = Debug2026|Any CPU
		{79662DC3-5F2B-4A6A-8AB9-44EF1FDD7327}.Debug2026|Any CPU.Build.0 = Debug2026|Any CPU
		{79662DC3-5F2B-4A6A-8AB9-44EF1FDD7327}.Release2026|Any CPU.ActiveCfg = Release2026|Any CPU
		{79662DC3-5F2B-4A6A-8AB9-44EF1FDD7327}.Release2026|Any CPU.Build.0 = Release2026|Any CPU
		{79662DC3-5F2B-4A6A-8AB9-44EF1FDD7327}.Debug2027|Any CPU.ActiveCfg = Debug2027|Any CPU
		{79662DC3-5F2B-4A6A-8AB9-44EF1FDD7327}.Debug2027|Any CPU.Build.0 = Debug2027|Any CPU
		{79662DC3-5F2B-4A6A-8AB9-44EF1FDD7327}.Release2027|Any CPU.ActiveCfg = Release2027|Any CPU
		{79662DC3-5F2B-4A6A-8AB9-44EF1FDD7327}.Release2027|Any CPU.Build.0 = Release2027|Any CPU
		{175904BE-3449-4CBA-BE1F-D76E46011B98}.Debug|Any CPU.ActiveCfg = Debug|Any CPU
		{175904BE-3449-4CBA-BE1F-D76E46011B98}.Debug|Any CPU.Build.0 = Debug|Any CPU
		{175904BE-3449-4CBA-BE1F-D76E46011B98}.Release|Any CPU.ActiveCfg = Release|Any CPU
		{175904BE-3449-4CBA-BE1F-D76E46011B98}.Release|Any CPU.Build.0 = Release|Any CPU
		{175904BE-3449-4CBA-BE1F-D76E46011B98}.Debug2025|Any CPU.ActiveCfg = Debug2025|Any CPU
		{175904BE-3449-4CBA-BE1F-D76E46011B98}.Debug2025|Any CPU.Build.0 = Debug2025|Any CPU
		{175904BE-3449-4CBA-BE1F-D76E46011B98}.Release2025|Any CPU.ActiveCfg = Release2025|Any CPU
		{175904BE-3449-4CBA-BE1F-D76E46011B98}.Release2025|Any CPU.Build.0 = Release2025|Any CPU
		{175904BE-3449-4CBA-BE1F-D76E46011B98}.Debug2026|Any CPU.ActiveCfg = Debug2026|Any CPU
		{175904BE-3449-4CBA-BE1F-D76E46011B98}.Debug2026|Any CPU.Build.0 = Debug2026|Any CPU
		{175904BE-3449-4CBA-BE1F-D76E46011B98}.Release2026|Any CPU.ActiveCfg = Release2026|Any CPU
		{175904BE-3449-4CBA-BE1F-D76E46011B98}.Release2026|Any CPU.Build.0 = Release2026|Any CPU
		{175904BE-3449-4CBA-BE1F-D76E46011B98}.Debug2027|Any CPU.ActiveCfg = Debug2027|Any CPU
		{175904BE-3449-4CBA-BE1F-D76E46011B98}.Debug2027|Any CPU.Build.0 = Debug2027|Any CPU
		{175904BE-3449-4CBA-BE1F-D76E46011B98}.Release2027|Any CPU.ActiveCfg = Release2027|Any CPU
		{175904BE-3449-4CBA-BE1F-D76E46011B98}.Release2027|Any CPU.Build.0 = Release2027|Any CPU
	EndGlobalSection
	GlobalSection(SolutionProperties) = preSolution
		HideSolutionNode = FALSE
	EndGlobalSection
	GlobalSection(NestedProjects) = preSolution
		{3C1EF9D0-AD22-4F0F-9AD1-FAF02E4428BC} = {827E0CD3-B72D-47B6-A68D-7590B98EB39B}
		{9136B855-AE02-49AE-98CD-F685F0F5A99A} = {827E0CD3-B72D-47B6-A68D-7590B98EB39B}
		{E303B9D2-F000-4ED1-B3DB-75636E1A9C5E} = {827E0CD3-B72D-47B6-A68D-7590B98EB39B}
		{7972FEDB-F607-40BD-A7DA-33EC5EE55403} = {827E0CD3-B72D-47B6-A68D-7590B98EB39B}
		{55A1E3D4-238E-4786-9B90-7FBDF83590D4} = {827E0CD3-B72D-47B6-A68D-7590B98EB39B}
		{30A78150-06C0-44C4-8A93-63CFF188C4E0} = {827E0CD3-B72D-47B6-A68D-7590B98EB39B}
		{79662DC3-5F2B-4A6A-8AB9-44EF1FDD7327} = {827E0CD3-B72D-47B6-A68D-7590B98EB39B}
		{175904BE-3449-4CBA-BE1F-D76E46011B98} = {B0A1C2D3-E4F5-6789-ABCD-EF0123456789}
	EndGlobalSection
EndGlobal
