
Microsoft Visual Studio Solution File, Format Version 12.00
# Visual Studio Version 17
VisualStudioVersion = 17.0.31903.59
MinimumVisualStudioVersion = 10.0.40219.1
Project("{2150E333-8FDC-42A3-9474-1A3956D46DE8}") = "src", "src", "{827E0CD3-B72D-47B6-A68D-7590B98EB39B}"
EndProject
Project("{2150E333-8FDC-42A3-9474-1A3956D46DE8}") = "tests", "tests", "{B0A1C2D3-E4F5-6789-ABCD-EF0123456789}"
EndProject
Project("{FAE04EC0-301F-11D3-BF4B-00C04F79EFBC}") = "BatchParamUpdate.Domain", "src\BatchParamUpdate.Domain\BatchParamUpdate.Domain.csproj", "{3C1EF9D0-AD22-4F0F-9AD1-FAF02E4428BC}"
EndProject
Project("{FAE04EC0-301F-11D3-BF4B-00C04F79EFBC}") = "BatchParamUpdate.Core", "src\BatchParamUpdate.Core\BatchParamUpdate.Core.csproj", "{9136B855-AE02-49AE-98CD-F685F0F5A99A}"
EndProject
Project("{FAE04EC0-301F-11D3-BF4B-00C04F79EFBC}") = "BatchParamUpdate.Application", "src\BatchParamUpdate.Application\BatchParamUpdate.Application.csproj", "{E303B9D2-F000-4ED1-B3DB-75636E1A9C5E}"
EndProject
Project("{FAE04EC0-301F-11D3-BF4B-00C04F79EFBC}") = "BatchParamUpdate.Adapters.Persistence", "src\BatchParamUpdate.Adapters.Persistence\BatchParamUpdate.Adapters.Persistence.csproj", "{7972FEDB-F607-40BD-A7DA-33EC5EE55403}"
EndProject
Project("{D95437B8-0C07-4E7F-9C2C-89A3B2949794}") = "BatchParamUpdate.Adapters.Revit", "src\BatchParamUpdate.Adapters.Revit\BatchParamUpdate.Adapters.Revit.shproj", "{8E2F4A91-6C3B-4D7E-A1F0-9B5C2D8E3A14}"
EndProject
Project("{FAE04EC0-301F-11D3-BF4B-00C04F79EFBC}") = "BatchParamUpdate.Adapters.Revit.2025", "src\BatchParamUpdate.Adapters.Revit.2025\BatchParamUpdate.Adapters.Revit.2025.csproj", "{CE48EA69-E1F9-4E99-B7C8-24D7A3C8464C}"
EndProject
Project("{FAE04EC0-301F-11D3-BF4B-00C04F79EFBC}") = "BatchParamUpdate.Adapters.Revit.2026", "src\BatchParamUpdate.Adapters.Revit.2026\BatchParamUpdate.Adapters.Revit.2026.csproj", "{304CC835-4C7A-42A4-993D-1D6D4090BEAA}"
EndProject
Project("{FAE04EC0-301F-11D3-BF4B-00C04F79EFBC}") = "BatchParamUpdate.UI.Wpf", "src\BatchParamUpdate.UI.Wpf\BatchParamUpdate.UI.Wpf.csproj", "{30A78150-06C0-44C4-8A93-63CFF188C4E0}"
EndProject
Project("{FAE04EC0-301F-11D3-BF4B-00C04F79EFBC}") = "BatchParamUpdate.Installer", "src\BatchParamUpdate.Installer\BatchParamUpdate.Installer.csproj", "{79662DC3-5F2B-4A6A-8AB9-44EF1FDD7327}"
EndProject
Project("{FAE04EC0-301F-11D3-BF4B-00C04F79EFBC}") = "BatchParamUpdate.Tests.Unit", "tests\BatchParamUpdate.Tests.Unit\BatchParamUpdate.Tests.Unit.csproj", "{175904BE-3449-4CBA-BE1F-D76E46011B98}"
EndProject
Global
	GlobalSection(SolutionConfigurationPlatforms) = preSolution
		Debug|Any CPU = Debug|Any CPU
		Release|Any CPU = Release|Any CPU
	EndGlobalSection
	GlobalSection(ProjectConfigurationPlatforms) = postSolution
		{3C1EF9D0-AD22-4F0F-9AD1-FAF02E4428BC}.Debug|Any CPU.ActiveCfg = Debug|Any CPU
		{3C1EF9D0-AD22-4F0F-9AD1-FAF02E4428BC}.Debug|Any CPU.Build.0 = Debug|Any CPU
		{3C1EF9D0-AD22-4F0F-9AD1-FAF02E4428BC}.Release|Any CPU.ActiveCfg = Release|Any CPU
		{3C1EF9D0-AD22-4F0F-9AD1-FAF02E4428BC}.Release|Any CPU.Build.0 = Release|Any CPU
		{9136B855-AE02-49AE-98CD-F685F0F5A99A}.Debug|Any CPU.ActiveCfg = Debug|Any CPU
		{9136B855-AE02-49AE-98CD-F685F0F5A99A}.Debug|Any CPU.Build.0 = Debug|Any CPU
		{9136B855-AE02-49AE-98CD-F685F0F5A99A}.Release|Any CPU.ActiveCfg = Release|Any CPU
		{9136B855-AE02-49AE-98CD-F685F0F5A99A}.Release|Any CPU.Build.0 = Release|Any CPU
		{E303B9D2-F000-4ED1-B3DB-75636E1A9C5E}.Debug|Any CPU.ActiveCfg = Debug|Any CPU
		{E303B9D2-F000-4ED1-B3DB-75636E1A9C5E}.Debug|Any CPU.Build.0 = Debug|Any CPU
		{E303B9D2-F000-4ED1-B3DB-75636E1A9C5E}.Release|Any CPU.ActiveCfg = Release|Any CPU
		{E303B9D2-F000-4ED1-B3DB-75636E1A9C5E}.Release|Any CPU.Build.0 = Release|Any CPU
		{7972FEDB-F607-40BD-A7DA-33EC5EE55403}.Debug|Any CPU.ActiveCfg = Debug|Any CPU
		{7972FEDB-F607-40BD-A7DA-33EC5EE55403}.Debug|Any CPU.Build.0 = Debug|Any CPU
		{7972FEDB-F607-40BD-A7DA-33EC5EE55403}.Release|Any CPU.ActiveCfg = Release|Any CPU
		{7972FEDB-F607-40BD-A7DA-33EC5EE55403}.Release|Any CPU.Build.0 = Release|Any CPU
		{CE48EA69-E1F9-4E99-B7C8-24D7A3C8464C}.Debug|Any CPU.ActiveCfg = Debug|Any CPU
		{CE48EA69-E1F9-4E99-B7C8-24D7A3C8464C}.Debug|Any CPU.Build.0 = Debug|Any CPU
		{CE48EA69-E1F9-4E99-B7C8-24D7A3C8464C}.Release|Any CPU.ActiveCfg = Release|Any CPU
		{CE48EA69-E1F9-4E99-B7C8-24D7A3C8464C}.Release|Any CPU.Build.0 = Release|Any CPU
		{304CC835-4C7A-42A4-993D-1D6D4090BEAA}.Debug|Any CPU.ActiveCfg = Debug|Any CPU
		{304CC835-4C7A-42A4-993D-1D6D4090BEAA}.Debug|Any CPU.Build.0 = Debug|Any CPU
		{304CC835-4C7A-42A4-993D-1D6D4090BEAA}.Release|Any CPU.ActiveCfg = Release|Any CPU
		{304CC835-4C7A-42A4-993D-1D6D4090BEAA}.Release|Any CPU.Build.0 = Release|Any CPU
		{30A78150-06C0-44C4-8A93-63CFF188C4E0}.Debug|Any CPU.ActiveCfg = Debug|Any CPU
		{30A78150-06C0-44C4-8A93-63CFF188C4E0}.Debug|Any CPU.Build.0 = Debug|Any CPU
		{30A78150-06C0-44C4-8A93-63CFF188C4E0}.Release|Any CPU.ActiveCfg = Release|Any CPU
		{30A78150-06C0-44C4-8A93-63CFF188C4E0}.Release|Any CPU.Build.0 = Release|Any CPU
		{79662DC3-5F2B-4A6A-8AB9-44EF1FDD7327}.Debug|Any CPU.ActiveCfg = Debug|Any CPU
		{79662DC3-5F2B-4A6A-8AB9-44EF1FDD7327}.Debug|Any CPU.Build.0 = Debug|Any CPU
		{79662DC3-5F2B-4A6A-8AB9-44EF1FDD7327}.Release|Any CPU.ActiveCfg = Release|Any CPU
		{79662DC3-5F2B-4A6A-8AB9-44EF1FDD7327}.Release|Any CPU.Build.0 = Release|Any CPU
		{175904BE-3449-4CBA-BE1F-D76E46011B98}.Debug|Any CPU.ActiveCfg = Debug|Any CPU
		{175904BE-3449-4CBA-BE1F-D76E46011B98}.Debug|Any CPU.Build.0 = Debug|Any CPU
		{175904BE-3449-4CBA-BE1F-D76E46011B98}.Release|Any CPU.ActiveCfg = Release|Any CPU
		{175904BE-3449-4CBA-BE1F-D76E46011B98}.Release|Any CPU.Build.0 = Release|Any CPU
	EndGlobalSection
	GlobalSection(SolutionProperties) = preSolution
		HideSolutionNode = FALSE
	EndGlobalSection
	GlobalSection(NestedProjects) = preSolution
		{3C1EF9D0-AD22-4F0F-9AD1-FAF02E4428BC} = {827E0CD3-B72D-47B6-A68D-7590B98EB39B}
		{9136B855-AE02-49AE-98CD-F685F0F5A99A} = {827E0CD3-B72D-47B6-A68D-7590B98EB39B}
		{E303B9D2-F000-4ED1-B3DB-75636E1A9C5E} = {827E0CD3-B72D-47B6-A68D-7590B98EB39B}
		{7972FEDB-F607-40BD-A7DA-33EC5EE55403} = {827E0CD3-B72D-47B6-A68D-7590B98EB39B}
		{8E2F4A91-6C3B-4D7E-A1F0-9B5C2D8E3A14} = {827E0CD3-B72D-47B6-A68D-7590B98EB39B}
		{CE48EA69-E1F9-4E99-B7C8-24D7A3C8464C} = {827E0CD3-B72D-47B6-A68D-7590B98EB39B}
		{304CC835-4C7A-42A4-993D-1D6D4090BEAA} = {827E0CD3-B72D-47B6-A68D-7590B98EB39B}
		{30A78150-06C0-44C4-8A93-63CFF188C4E0} = {827E0CD3-B72D-47B6-A68D-7590B98EB39B}
		{79662DC3-5F2B-4A6A-8AB9-44EF1FDD7327} = {827E0CD3-B72D-47B6-A68D-7590B98EB39B}
		{175904BE-3449-4CBA-BE1F-D76E46011B98} = {B0A1C2D3-E4F5-6789-ABCD-EF0123456789}
	EndGlobalSection
	GlobalSection(SharedMSBuildProjectFiles) = preSolution
		src\BatchParamUpdate.Adapters.Revit\BatchParamUpdate.Adapters.Revit.projitems*{8E2F4A91-6C3B-4D7E-A1F0-9B5C2D8E3A14}*SharedItemsImports = 13
		src\BatchParamUpdate.Adapters.Revit\BatchParamUpdate.Adapters.Revit.projitems*{CE48EA69-E1F9-4E99-B7C8-24D7A3C8464C}*SharedItemsImports = 5
		src\BatchParamUpdate.Adapters.Revit\BatchParamUpdate.Adapters.Revit.projitems*{304CC835-4C7A-42A4-993D-1D6D4090BEAA}*SharedItemsImports = 5
	EndGlobalSection
EndGlobal
